
Microsoft Visual Studio Solution File, Format Version 12.00
# Visual Studio Version 17
VisualStudioVersion = 17.9.34607.119
MinimumVisualStudioVersion = 10.0.40219.1
Project("{FAE04EC0-301F-11D3-BF4B-00C04F79EFBC}") = "callrecorder", "callrecorder\callrecorder.csproj", "{05855D6E-4548-4D01-9A7B-565C09CFEEE9}"
EndProject
Global
	GlobalSection(SolutionConfigurationPlatforms) = preSolution
		Debug|Any CPU = Debug|Any CPU
		Release|Any CPU = Release|Any CPU
	EndGlobalSection
	GlobalSection(ProjectConfigurationPlatforms) = postSolution
		{05855D6E-4548-4D01-9A7B-565C09CFEEE9}.Debug|Any CPU.ActiveCfg = Debug|Any CPU
		{05855D6E-4548-4D01-9A7B-565C09CFEEE9}.Debug|Any CPU.Build.0 = Debug|Any CPU
		{05855D6E-4548-4D01-9A7B-565C09CFEEE9}.Release|Any CPU.ActiveCfg = Release|Any CPU
		{05855D6E-4548-4D01-9A7B-565C09CFEEE9}.Release|Any CPU.Build.0 = Release|Any CPU
	EndGlobalSection
	GlobalSection(SolutionProperties) = preSolution
		HideSolutionNode = FALSE
	EndGlobalSection
	GlobalSection(ExtensibilityGlobals) = postSolution
		SolutionGuid = {9CC61B0C-DB0A-45A4-9AFC-8BBA524A278E}
	EndGlobalSection
EndGlobal
